<?xml version="1.0" encoding="utf-8"?>
<Project ToolsVersion="4.0" xmlns="http://schemas.microsoft.com/developer/msbuild/2003">
  <ItemGroup>
    <Filter Include="Source Files">
      <UniqueIdentifier>{4FC737F1-C7A5-4376-A066-2A32D752A2FF}</UniqueIdentifier>
      <Extensions>cpp;c;cc;cxx;def;odl;idl;hpj;bat;asm;asmx</Extensions>
    </Filter>
    <Filter Include="Header Files">
      <UniqueIdentifier>{93995380-89BD-4b04-88EB-625FBE52EBFB}</UniqueIdentifier>
      <Extensions>h;hh;hpp;hxx;hm;inl;inc;ipp;xsd</Extensions>
    </Filter>
    <Filter Include="Resource Files">
      <UniqueIdentifier>{67DA6AB6-F800-4c08-8B7A-83BB121AAD01}</UniqueIdentifier>
      <Extensions>rc;ico;cur;bmp;dlg;rc2;rct;bin;rgs;gif;jpg;jpeg;jpe;resx;tiff;tif;png;wav;mfcribbon-ms</Extensions>
    </Filter>
    <Filter Include="Source Files\BattleShip">
      <UniqueIdentifier>{24a22555-27fb-4833-af2b-84c54f36610c}</UniqueIdentifier>
    </Filter>
    <Filter Include="Header Files\Battleship">
      <UniqueIdentifier>{c0012bb1-ae46-4fa4-a42f-cfe7784c84c3}</UniqueIdentifier>
    </Filter>
    <Filter Include="Source Files\BattleShip\Managers">
      <UniqueIdentifier>{360d1eee-6548-4cc7-a1b0-9c4a1d8b05a7}</UniqueIdentifier>
    </Filter>
    <Filter Include="Header Files\Battleship\Managers">
      <UniqueIdentifier>{9703ed08-f0ef-49ec-bfb6-42306630b343}</UniqueIdentifier>
    </Filter>
    <Filter Include="Header Files\SDL">
      <UniqueIdentifier>{a2af8440-5a4d-4eb1-a609-68c662fa9ae7}</UniqueIdentifier>
    </Filter>
    <Filter Include="Source Files\SDL">
      <UniqueIdentifier>{25196986-c86b-41ad-afc2-9e8a7094c5be}</UniqueIdentifier>
    </Filter>
    <Filter Include="Header Files\SDL\Entities">
      <UniqueIdentifier>{ee289efc-da9b-44f3-92cb-0836f42d0ac1}</UniqueIdentifier>
    </Filter>
    <Filter Include="Source Files\SDL\GameEntity">
      <UniqueIdentifier>{dc75100a-7979-4841-b517-50ffc8ef8782}</UniqueIdentifier>
    </Filter>
    <Filter Include="Source Files\SDL\SDL_Manager">
      <UniqueIdentifier>{f5b1a65b-7292-4e9d-86d2-8141a0b11c84}</UniqueIdentifier>
    </Filter>
    <Filter Include="Header Files\SDL\SDL_Managers">
      <UniqueIdentifier>{53c61b73-f939-4f36-af0b-8620f54a843e}</UniqueIdentifier>
    </Filter>
    <Filter Include="Source Files\SDL\Texture">
      <UniqueIdentifier>{f6eacaaf-0852-4438-93f5-08e749211b0a}</UniqueIdentifier>
    </Filter>
    <Filter Include="Header Files\SDL\Texture">
      <UniqueIdentifier>{825d1399-ebb8-4a91-8279-4f1facbf9f9a}</UniqueIdentifier>
    </Filter>
  </ItemGroup>
  <ItemGroup>
    <ClCompile Include="GameStateManager.cpp">
      <Filter>Source Files\BattleShip\Managers</Filter>
    </ClCompile>
    <ClCompile Include="HealthManager.cpp">
      <Filter>Source Files\BattleShip\Managers</Filter>
    </ClCompile>
    <ClCompile Include="PlayableManager.cpp">
      <Filter>Source Files\BattleShip\Managers</Filter>
    </ClCompile>
    <ClCompile Include="TitleSceen.cpp">
      <Filter>Source Files\BattleShip\Managers</Filter>
    </ClCompile>
    <ClCompile Include="InputManager.cpp">
      <Filter>Source Files\BattleShip\Managers</Filter>
    </ClCompile>
    <ClCompile Include="BoardManager.cpp">
      <Filter>Source Files\BattleShip\Managers</Filter>
    </ClCompile>
    <ClCompile Include="AI.cpp">
      <Filter>Source Files\BattleShip</Filter>
    </ClCompile>
    <ClCompile Include="Board.cpp">
      <Filter>Source Files\BattleShip</Filter>
    </ClCompile>
    <ClCompile Include="Piece.cpp">
      <Filter>Source Files\BattleShip</Filter>
    </ClCompile>
    <ClCompile Include="Player.cpp">
      <Filter>Source Files\BattleShip</Filter>
    </ClCompile>
    <ClCompile Include="Scoreboard.cpp">
      <Filter>Source Files\BattleShip</Filter>
    </ClCompile>
    <ClCompile Include="Source.cpp">
      <Filter>Source Files\BattleShip</Filter>
    </ClCompile>
    <ClCompile Include="GameEntity.cpp">
      <Filter>Source Files\SDL\GameEntity</Filter>
    </ClCompile>
    <ClCompile Include="Timer.cpp">
      <Filter>Source Files\SDL\GameEntity</Filter>
    </ClCompile>
    <ClCompile Include="AssetManager.cpp">
      <Filter>Source Files\SDL\SDL_Manager</Filter>
    </ClCompile>
    <ClCompile Include="Texture.cpp">
      <Filter>Source Files\SDL\Texture</Filter>
    </ClCompile>
    <ClCompile Include="AnimatedTexture.cpp">
      <Filter>Source Files\SDL\Texture</Filter>
    </ClCompile>
    <ClCompile Include="GraphicsManager.cpp">
      <Filter>Source Files\SDL\SDL_Manager</Filter>
    </ClCompile>
    <ClCompile Include="AudioManager.cpp">
      <Filter>Source Files\SDL\SDL_Manager</Filter>
    </ClCompile>
    <ClCompile Include="SDLInputManager.cpp">
      <Filter>Source Files\SDL\SDL_Manager</Filter>
    </ClCompile>
    <ClCompile Include="ScreenManager.cpp">
      <Filter>Source Files\SDL\SDL_Manager</Filter>
    </ClCompile>
    <ClCompile Include="GameManager.cpp">
      <Filter>Source Files\SDL\SDL_Manager</Filter>
    </ClCompile>
  </ItemGroup>
  <ItemGroup>
    <ClInclude Include="GameStateManager.h">
      <Filter>Header Files\Battleship\Managers</Filter>
    </ClInclude>
    <ClInclude Include="HealthManager.h">
      <Filter>Header Files\Battleship\Managers</Filter>
    </ClInclude>
    <ClInclude Include="PlayableManager.h">
      <Filter>Header Files\Battleship\Managers</Filter>
    </ClInclude>
    <ClInclude Include="TitleSceen.h">
      <Filter>Header Files\Battleship\Managers</Filter>
    </ClInclude>
    <ClInclude Include="InputManager.h">
      <Filter>Header Files\Battleship\Managers</Filter>
    </ClInclude>
    <ClInclude Include="BoardManager.h">
      <Filter>Header Files\Battleship\Managers</Filter>
    </ClInclude>
    <ClInclude Include="AI.h">
      <Filter>Header Files\Battleship</Filter>
    </ClInclude>
    <ClInclude Include="Board.h">
      <Filter>Header Files\Battleship</Filter>
    </ClInclude>
    <ClInclude Include="LinkList.h">
      <Filter>Header Files\Battleship</Filter>
    </ClInclude>
    <ClInclude Include="Piece.h">
      <Filter>Header Files\Battleship</Filter>
    </ClInclude>
    <ClInclude Include="Player.h">
      <Filter>Header Files\Battleship</Filter>
    </ClInclude>
    <ClInclude Include="Scoreboard.h">
      <Filter>Header Files\Battleship</Filter>
    </ClInclude>
    <ClInclude Include="GameEntity.h">
      <Filter>Header Files\SDL\Entities</Filter>
    </ClInclude>
    <ClInclude Include="mathhelper.h">
      <Filter>Header Files\SDL\Entities</Filter>
    </ClInclude>
    <ClInclude Include="Timer.h">
      <Filter>Header Files\SDL\Entities</Filter>
    </ClInclude>
    <ClInclude Include="AssetManager.h">
      <Filter>Header Files\SDL\SDL_Managers</Filter>
    </ClInclude>
    <ClInclude Include="Texture.h">
      <Filter>Header Files\SDL\Texture</Filter>
    </ClInclude>
    <ClInclude Include="AnimatedTexture.h">
      <Filter>Header Files\SDL\Texture</Filter>
    </ClInclude>
    <ClInclude Include="GraphicsManager.h">
      <Filter>Header Files\SDL\SDL_Managers</Filter>
    </ClInclude>
    <ClInclude Include="AudioManager.h">
      <Filter>Header Files\SDL\SDL_Managers</Filter>
    </ClInclude>
    <ClInclude Include="SDLInputManager.h">
      <Filter>Header Files\SDL\SDL_Managers</Filter>
    </ClInclude>
    <ClInclude Include="ScreenManager.h">
      <Filter>Header Files\SDL\SDL_Managers</Filter>
    </ClInclude>
    <ClInclude Include="GameManager.h">
      <Filter>Header Files\SDL\SDL_Managers</Filter>
    </ClInclude>
  </ItemGroup>
</Project>